
Microsoft Visual Studio Solution File, Format Version 12.00
# Visual Studio 14
VisualStudioVersion = 14.0.23107.0
MinimumVisualStudioVersion = 10.0.40219.1
Project("{FAE04EC0-301F-11D3-BF4B-00C04F79EFBC}") = "Community", "Community\Community.csproj", "{351B3B5A-13AB-40DB-AF74-E428166C75B5}"
EndProject
Project("{FAE04EC0-301F-11D3-BF4B-00C04F79EFBC}") = "Community.Tests", "Community.Tests\Community.Tests.csproj", "{F5432ECB-CAA7-43BF-AB35-69DF2856B5A9}"
EndProject
Project("{2150E333-8FDC-42A3-9474-1A3956D46DE8}") = "Solution Items", "Solution Items", "{D06389C3-5D92-4744-88A8-B4129F3A76D7}"
	ProjectSection(SolutionItems) = preProject
		Community.targets = Community.targets
		LICENSE = LICENSE
		README.md = README.md
	EndProjectSection
EndProject
Project("{FAE04EC0-301F-11D3-BF4B-00C04F79EFBC}") = "Community.Automation", "Community.Automation\Community.Automation.csproj", "{26A5B481-0C34-4B2D-867A-C9C21A2AC238}"
EndProject
Project("{FAE04EC0-301F-11D3-BF4B-00C04F79EFBC}") = "Community.Automation.Tests", "Community.Automation.Tests\Community.Automation.Tests.csproj", "{E257A764-00D4-4C08-BB15-19EFFC61116A}"
EndProject
Project("{2150E333-8FDC-42A3-9474-1A3956D46DE8}") = ".nuget", ".nuget", "{97A65E74-DCA5-433B-83BD-A405111E13B5}"
	ProjectSection(SolutionItems) = preProject
		.nuget\BuildNewPackage-RanAutomatically.ps1 = .nuget\BuildNewPackage-RanAutomatically.ps1
		.nuget\New-NuGetPackage.ps1 = .nuget\New-NuGetPackage.ps1
		.nuget\NuGet.exe = .nuget\NuGet.exe
		.nuget\UploadPackage-RunManually.bat = .nuget\UploadPackage-RunManually.bat
		.nuget\UploadPackage-RunManually.ps1 = .nuget\UploadPackage-RunManually.ps1
	EndProjectSection
EndProject
Project("{2150E333-8FDC-42A3-9474-1A3956D46DE8}") = ".build", ".build", "{95E14992-714C-488F-AD88-8C99F922EEF8}"
	ProjectSection(SolutionItems) = preProject
		Build.proj = Build.proj
		.build\MSBuild.Community.Tasks.dll = .build\MSBuild.Community.Tasks.dll
		.build\MSBuild.Community.Tasks.targets = .build\MSBuild.Community.Tasks.targets
	EndProjectSection
EndProject
Project("{2150E333-8FDC-42A3-9474-1A3956D46DE8}") = "Testing", "Testing", "{6847AD30-10C8-43B6-8C46-EC2207DDC11A}"
EndProject
Project("{FAE04EC0-301F-11D3-BF4B-00C04F79EFBC}") = "Community.Spatial", "Community.Spatial\Community.Spatial.csproj", "{EC3AD26F-A756-402C-A111-1A5464FA1DCB}"
EndProject
Project("{FAE04EC0-301F-11D3-BF4B-00C04F79EFBC}") = "Community.Spatial.Tests", "Community.Spatial.Tests\Community.Spatial.Tests.csproj", "{CBF34CB8-D376-446F-B40F-8F04CFE27496}"
EndProject
Project("{FAE04EC0-301F-11D3-BF4B-00C04F79EFBC}") = "Community.NuGet", "Community.NuGet\Community.NuGet.csproj", "{0451BAEF-DF2E-4B98-8644-94EE9415E389}"
EndProject
Global
	GlobalSection(SolutionConfigurationPlatforms) = preSolution
		Debug|Any CPU = Debug|Any CPU
		Debug|ARM = Debug|ARM
		Debug|x64 = Debug|x64
		Debug|x86 = Debug|x86
		Release|Any CPU = Release|Any CPU
		Release|ARM = Release|ARM
		Release|x64 = Release|x64
		Release|x86 = Release|x86
	EndGlobalSection
	GlobalSection(ProjectConfigurationPlatforms) = postSolution
		{351B3B5A-13AB-40DB-AF74-E428166C75B5}.Debug|Any CPU.ActiveCfg = Debug|Any CPU
		{351B3B5A-13AB-40DB-AF74-E428166C75B5}.Debug|Any CPU.Build.0 = Debug|Any CPU
		{351B3B5A-13AB-40DB-AF74-E428166C75B5}.Debug|ARM.ActiveCfg = Debug|Any CPU
		{351B3B5A-13AB-40DB-AF74-E428166C75B5}.Debug|x64.ActiveCfg = Debug|Any CPU
		{351B3B5A-13AB-40DB-AF74-E428166C75B5}.Debug|x86.ActiveCfg = Debug|Any CPU
		{351B3B5A-13AB-40DB-AF74-E428166C75B5}.Release|Any CPU.ActiveCfg = Release|Any CPU
		{351B3B5A-13AB-40DB-AF74-E428166C75B5}.Release|Any CPU.Build.0 = Release|Any CPU
		{351B3B5A-13AB-40DB-AF74-E428166C75B5}.Release|ARM.ActiveCfg = Release|Any CPU
		{351B3B5A-13AB-40DB-AF74-E428166C75B5}.Release|x64.ActiveCfg = Release|Any CPU
		{351B3B5A-13AB-40DB-AF74-E428166C75B5}.Release|x86.ActiveCfg = Release|Any CPU
		{F5432ECB-CAA7-43BF-AB35-69DF2856B5A9}.Debug|Any CPU.ActiveCfg = Debug|Any CPU
		{F5432ECB-CAA7-43BF-AB35-69DF2856B5A9}.Debug|Any CPU.Build.0 = Debug|Any CPU
		{F5432ECB-CAA7-43BF-AB35-69DF2856B5A9}.Debug|ARM.ActiveCfg = Debug|Any CPU
		{F5432ECB-CAA7-43BF-AB35-69DF2856B5A9}.Debug|x64.ActiveCfg = Debug|Any CPU
		{F5432ECB-CAA7-43BF-AB35-69DF2856B5A9}.Debug|x86.ActiveCfg = Debug|Any CPU
		{F5432ECB-CAA7-43BF-AB35-69DF2856B5A9}.Release|Any CPU.ActiveCfg = Release|Any CPU
		{F5432ECB-CAA7-43BF-AB35-69DF2856B5A9}.Release|Any CPU.Build.0 = Release|Any CPU
		{F5432ECB-CAA7-43BF-AB35-69DF2856B5A9}.Release|ARM.ActiveCfg = Release|Any CPU
		{F5432ECB-CAA7-43BF-AB35-69DF2856B5A9}.Release|x64.ActiveCfg = Release|Any CPU
		{F5432ECB-CAA7-43BF-AB35-69DF2856B5A9}.Release|x86.ActiveCfg = Release|Any CPU
		{26A5B481-0C34-4B2D-867A-C9C21A2AC238}.Debug|Any CPU.ActiveCfg = Debug|Any CPU
		{26A5B481-0C34-4B2D-867A-C9C21A2AC238}.Debug|Any CPU.Build.0 = Debug|Any CPU
		{26A5B481-0C34-4B2D-867A-C9C21A2AC238}.Debug|ARM.ActiveCfg = Debug|Any CPU
		{26A5B481-0C34-4B2D-867A-C9C21A2AC238}.Debug|x64.ActiveCfg = Debug|Any CPU
		{26A5B481-0C34-4B2D-867A-C9C21A2AC238}.Debug|x86.ActiveCfg = Debug|Any CPU
		{26A5B481-0C34-4B2D-867A-C9C21A2AC238}.Release|Any CPU.ActiveCfg = Release|Any CPU
		{26A5B481-0C34-4B2D-867A-C9C21A2AC238}.Release|Any CPU.Build.0 = Release|Any CPU
		{26A5B481-0C34-4B2D-867A-C9C21A2AC238}.Release|ARM.ActiveCfg = Release|Any CPU
		{26A5B481-0C34-4B2D-867A-C9C21A2AC238}.Release|x64.ActiveCfg = Release|Any CPU
		{26A5B481-0C34-4B2D-867A-C9C21A2AC238}.Release|x86.ActiveCfg = Release|Any CPU
		{E257A764-00D4-4C08-BB15-19EFFC61116A}.Debug|Any CPU.ActiveCfg = Debug|Any CPU
		{E257A764-00D4-4C08-BB15-19EFFC61116A}.Debug|Any CPU.Build.0 = Debug|Any CPU
		{E257A764-00D4-4C08-BB15-19EFFC61116A}.Debug|ARM.ActiveCfg = Debug|Any CPU
		{E257A764-00D4-4C08-BB15-19EFFC61116A}.Debug|x64.ActiveCfg = Debug|Any CPU
		{E257A764-00D4-4C08-BB15-19EFFC61116A}.Debug|x86.ActiveCfg = Debug|Any CPU
		{E257A764-00D4-4C08-BB15-19EFFC61116A}.Release|Any CPU.ActiveCfg = Release|Any CPU
		{E257A764-00D4-4C08-BB15-19EFFC61116A}.Release|Any CPU.Build.0 = Release|Any CPU
		{E257A764-00D4-4C08-BB15-19EFFC61116A}.Release|ARM.ActiveCfg = Release|Any CPU
		{E257A764-00D4-4C08-BB15-19EFFC61116A}.Release|x64.ActiveCfg = Release|Any CPU
		{E257A764-00D4-4C08-BB15-19EFFC61116A}.Release|x86.ActiveCfg = Release|Any CPU
		{EC3AD26F-A756-402C-A111-1A5464FA1DCB}.Debug|Any CPU.ActiveCfg = Debug|Any CPU
		{EC3AD26F-A756-402C-A111-1A5464FA1DCB}.Debug|Any CPU.Build.0 = Debug|Any CPU
		{EC3AD26F-A756-402C-A111-1A5464FA1DCB}.Debug|ARM.ActiveCfg = Debug|Any CPU
		{EC3AD26F-A756-402C-A111-1A5464FA1DCB}.Debug|x64.ActiveCfg = Debug|Any CPU
		{EC3AD26F-A756-402C-A111-1A5464FA1DCB}.Debug|x86.ActiveCfg = Debug|Any CPU
		{EC3AD26F-A756-402C-A111-1A5464FA1DCB}.Release|Any CPU.ActiveCfg = Release|Any CPU
		{EC3AD26F-A756-402C-A111-1A5464FA1DCB}.Release|Any CPU.Build.0 = Release|Any CPU
		{EC3AD26F-A756-402C-A111-1A5464FA1DCB}.Release|ARM.ActiveCfg = Release|Any CPU
		{EC3AD26F-A756-402C-A111-1A5464FA1DCB}.Release|x64.ActiveCfg = Release|Any CPU
		{EC3AD26F-A756-402C-A111-1A5464FA1DCB}.Release|x86.ActiveCfg = Release|Any CPU
		{CBF34CB8-D376-446F-B40F-8F04CFE27496}.Debug|Any CPU.ActiveCfg = Debug|Any CPU
		{CBF34CB8-D376-446F-B40F-8F04CFE27496}.Debug|Any CPU.Build.0 = Debug|Any CPU
		{CBF34CB8-D376-446F-B40F-8F04CFE27496}.Debug|ARM.ActiveCfg = Debug|Any CPU
		{CBF34CB8-D376-446F-B40F-8F04CFE27496}.Debug|x64.ActiveCfg = Debug|Any CPU
		{CBF34CB8-D376-446F-B40F-8F04CFE27496}.Debug|x86.ActiveCfg = Debug|Any CPU
		{CBF34CB8-D376-446F-B40F-8F04CFE27496}.Release|Any CPU.ActiveCfg = Release|Any CPU
		{CBF34CB8-D376-446F-B40F-8F04CFE27496}.Release|Any CPU.Build.0 = Release|Any CPU
		{CBF34CB8-D376-446F-B40F-8F04CFE27496}.Release|ARM.ActiveCfg = Release|Any CPU
		{CBF34CB8-D376-446F-B40F-8F04CFE27496}.Release|x64.ActiveCfg = Release|Any CPU
		{CBF34CB8-D376-446F-B40F-8F04CFE27496}.Release|x86.ActiveCfg = Release|Any CPU
		{0451BAEF-DF2E-4B98-8644-94EE9415E389}.Debug|Any CPU.ActiveCfg = Debug|Any CPU
		{0451BAEF-DF2E-4B98-8644-94EE9415E389}.Debug|Any CPU.Build.0 = Debug|Any CPU
		{0451BAEF-DF2E-4B98-8644-94EE9415E389}.Debug|ARM.ActiveCfg = Debug|Any CPU
		{0451BAEF-DF2E-4B98-8644-94EE9415E389}.Debug|ARM.Build.0 = Debug|Any CPU
		{0451BAEF-DF2E-4B98-8644-94EE9415E389}.Debug|x64.ActiveCfg = Debug|Any CPU
		{0451BAEF-DF2E-4B98-8644-94EE9415E389}.Debug|x64.Build.0 = Debug|Any CPU
		{0451BAEF-DF2E-4B98-8644-94EE9415E389}.Debug|x86.ActiveCfg = Debug|Any CPU
		{0451BAEF-DF2E-4B98-8644-94EE9415E389}.Debug|x86.Build.0 = Debug|Any CPU
		{0451BAEF-DF2E-4B98-8644-94EE9415E389}.Release|Any CPU.ActiveCfg = Release|Any CPU
		{0451BAEF-DF2E-4B98-8644-94EE9415E389}.Release|Any CPU.Build.0 = Release|Any CPU
		{0451BAEF-DF2E-4B98-8644-94EE9415E389}.Release|ARM.ActiveCfg = Release|Any CPU
		{0451BAEF-DF2E-4B98-8644-94EE9415E389}.Release|ARM.Build.0 = Release|Any CPU
		{0451BAEF-DF2E-4B98-8644-94EE9415E389}.Release|x64.ActiveCfg = Release|Any CPU
		{0451BAEF-DF2E-4B98-8644-94EE9415E389}.Release|x64.Build.0 = Release|Any CPU
		{0451BAEF-DF2E-4B98-8644-94EE9415E389}.Release|x86.ActiveCfg = Release|Any CPU
		{0451BAEF-DF2E-4B98-8644-94EE9415E389}.Release|x86.Build.0 = Release|Any CPU
	EndGlobalSection
	GlobalSection(SolutionProperties) = preSolution
		HideSolutionNode = FALSE
	EndGlobalSection
	GlobalSection(NestedProjects) = preSolution
		{F5432ECB-CAA7-43BF-AB35-69DF2856B5A9} = {6847AD30-10C8-43B6-8C46-EC2207DDC11A}
		{E257A764-00D4-4C08-BB15-19EFFC61116A} = {6847AD30-10C8-43B6-8C46-EC2207DDC11A}
		{CBF34CB8-D376-446F-B40F-8F04CFE27496} = {6847AD30-10C8-43B6-8C46-EC2207DDC11A}
	EndGlobalSection
EndGlobal
